// !$*UTF8*$!
{
	archiveVersion = 1;
	classes = {
	};
	objectVersion = 46;
	objects = {

/* Begin PBXBuildFile section */
		5B12DE9D1EACA8BF00761FED /* csv.swift in Sources */ = {isa = PBXBuildFile; fileRef = 5B12DE9C1EACA8BF00761FED /* csv.swift */; };
		5B12DE9F1EACA8DA00761FED /* pokemon.ttf in Resources */ = {isa = PBXBuildFile; fileRef = 5B12DE9E1EACA8DA00761FED /* pokemon.ttf */; };
		5B12DEA41EACAAA500761FED /* music.mp3 in Resources */ = {isa = PBXBuildFile; fileRef = 5B12DEA31EACAAA500761FED /* music.mp3 */; };
		5B24C2451EA9BC4D00512847 /* AppDelegate.swift in Sources */ = {isa = PBXBuildFile; fileRef = 5B24C2441EA9BC4D00512847 /* AppDelegate.swift */; };
		5B24C2471EA9BC4D00512847 /* ViewController.swift in Sources */ = {isa = PBXBuildFile; fileRef = 5B24C2461EA9BC4D00512847 /* ViewController.swift */; };
		5B24C24A1EA9BC4D00512847 /* Main.storyboard in Resources */ = {isa = PBXBuildFile; fileRef = 5B24C2481EA9BC4D00512847 /* Main.storyboard */; };
		5B24C24C1EA9BC4D00512847 /* Assets.xcassets in Resources */ = {isa = PBXBuildFile; fileRef = 5B24C24B1EA9BC4D00512847 /* Assets.xcassets */; };
		5B24C24F1EA9BC4D00512847 /* LaunchScreen.storyboard in Resources */ = {isa = PBXBuildFile; fileRef = 5B24C24D1EA9BC4D00512847 /* LaunchScreen.storyboard */; };
		5BD6ADBB1EA9BE61007E0681 /* pokemon.csv in Resources */ = {isa = PBXBuildFile; fileRef = 5BD6ADBA1EA9BE61007E0681 /* pokemon.csv */; };
		5BD6ADBE1EA9BFAD007E0681 /* Pokemon.swift in Sources */ = {isa = PBXBuildFile; fileRef = 5BD6ADBD1EA9BFAD007E0681 /* Pokemon.swift */; };
		5BD6ADC11EABC836007E0681 /* PokeCell.swift in Sources */ = {isa = PBXBuildFile; fileRef = 5BD6ADC01EABC836007E0681 /* PokeCell.swift */; };
/* End PBXBuildFile section */

/* Begin PBXFileReference section */
		5B12DE9C1EACA8BF00761FED /* csv.swift */ = {isa = PBXFileReference; fileEncoding = 4; lastKnownFileType = sourcecode.swift; path = csv.swift; sourceTree = "<group>"; };
		5B12DE9E1EACA8DA00761FED /* pokemon.ttf */ = {isa = PBXFileReference; lastKnownFileType = file; path = pokemon.ttf; sourceTree = "<group>"; };
		5B12DEA31EACAAA500761FED /* music.mp3 */ = {isa = PBXFileReference; lastKnownFileType = audio.mp3; path = music.mp3; sourceTree = "<group>"; };
		5B24C2411EA9BC4D00512847 /* pokedex3.app */ = {isa = PBXFileReference; explicitFileType = wrapper.application; includeInIndex = 0; path = pokedex3.app; sourceTree = BUILT_PRODUCTS_DIR; };
		5B24C2441EA9BC4D00512847 /* AppDelegate.swift */ = {isa = PBXFileReference; lastKnownFileType = sourcecode.swift; path = AppDelegate.swift; sourceTree = "<group>"; };
		5B24C2461EA9BC4D00512847 /* ViewController.swift */ = {isa = PBXFileReference; lastKnownFileType = sourcecode.swift; path = ViewController.swift; sourceTree = "<group>"; };
		5B24C2491EA9BC4D00512847 /* Base */ = {isa = PBXFileReference; lastKnownFileType = file.storyboard; name = Base; path = Base.lproj/Main.storyboard; sourceTree = "<group>"; };
		5B24C24B1EA9BC4D00512847 /* Assets.xcassets */ = {isa = PBXFileReference; lastKnownFileType = folder.assetcatalog; path = Assets.xcassets; sourceTree = "<group>"; };
		5B24C24E1EA9BC4D00512847 /* Base */ = {isa = PBXFileReference; lastKnownFileType = file.storyboard; name = Base; path = Base.lproj/LaunchScreen.storyboard; sourceTree = "<group>"; };
		5B24C2501EA9BC4D00512847 /* Info.plist */ = {isa = PBXFileReference; lastKnownFileType = text.plist.xml; path = Info.plist; sourceTree = "<group>"; };
		5BD6ADBA1EA9BE61007E0681 /* pokemon.csv */ = {isa = PBXFileReference; fileEncoding = 4; lastKnownFileType = text; path = pokemon.csv; sourceTree = "<group>"; };
		5BD6ADBD1EA9BFAD007E0681 /* Pokemon.swift */ = {isa = PBXFileReference; fileEncoding = 4; lastKnownFileType = sourcecode.swift; path = Pokemon.swift; sourceTree = "<group>"; };
		5BD6ADC01EABC836007E0681 /* PokeCell.swift */ = {isa = PBXFileReference; fileEncoding = 4; lastKnownFileType = sourcecode.swift; path = PokeCell.swift; sourceTree = "<group>"; };
/* End PBXFileReference section */

/* Begin PBXFrameworksBuildPhase section */
		5B24C23E1EA9BC4D00512847 /* Frameworks */ = {
			isa = PBXFrameworksBuildPhase;
			buildActionMask = 2147483647;
			files = (
			);
			runOnlyForDeploymentPostprocessing = 0;
		};
/* End PBXFrameworksBuildPhase section */

/* Begin PBXGroup section */
		5B12DEA01EACA8E800761FED /* Controller */ = {
			isa = PBXGroup;
			children = (
				5B24C2461EA9BC4D00512847 /* ViewController.swift */,
			);
			name = Controller;
			sourceTree = "<group>";
		};
		5B12DEA11EACA8F800761FED /* Resources */ = {
			isa = PBXGroup;
			children = (
				5B12DE9E1EACA8DA00761FED /* pokemon.ttf */,
				5BD6ADBA1EA9BE61007E0681 /* pokemon.csv */,
				5B12DEA31EACAAA500761FED /* music.mp3 */,
			);
			name = Resources;
			sourceTree = "<group>";
		};
		5B12DEA21EACA91500761FED /* Util */ = {
			isa = PBXGroup;
			children = (
				5B12DE9C1EACA8BF00761FED /* csv.swift */,
			);
			name = Util;
			sourceTree = "<group>";
		};
		5B24C2381EA9BC4D00512847 = {
			isa = PBXGroup;
			children = (
				5B24C2431EA9BC4D00512847 /* pokedex3 */,
				5B24C2421EA9BC4D00512847 /* Products */,
			);
			sourceTree = "<group>";
		};
		5B24C2421EA9BC4D00512847 /* Products */ = {
			isa = PBXGroup;
			children = (
				5B24C2411EA9BC4D00512847 /* pokedex3.app */,
			);
			name = Products;
			sourceTree = "<group>";
		};
		5B24C2431EA9BC4D00512847 /* pokedex3 */ = {
			isa = PBXGroup;
			children = (
				5BD6ADBC1EA9BF98007E0681 /* Model */,
				5BD6ADBF1EABC813007E0681 /* View */,
				5B12DEA01EACA8E800761FED /* Controller */,
				5B12DEA11EACA8F800761FED /* Resources */,
				5B12DEA21EACA91500761FED /* Util */,
				5B24C2441EA9BC4D00512847 /* AppDelegate.swift */,
				5B24C2481EA9BC4D00512847 /* Main.storyboard */,
				5B24C24B1EA9BC4D00512847 /* Assets.xcassets */,
				5B24C24D1EA9BC4D00512847 /* LaunchScreen.storyboard */,
				5B24C2501EA9BC4D00512847 /* Info.plist */,
			);
			path = pokedex3;
			sourceTree = "<group>";
		};
		5BD6ADBC1EA9BF98007E0681 /* Model */ = {
			isa = PBXGroup;
			children = (
				5BD6ADBD1EA9BFAD007E0681 /* Pokemon.swift */,
			);
			name = Model;
			sourceTree = "<group>";
		};
		5BD6ADBF1EABC813007E0681 /* View */ = {
			isa = PBXGroup;
			children = (
				5BD6ADC01EABC836007E0681 /* PokeCell.swift */,
			);
			name = View;
			sourceTree = "<group>";
		};
/* End PBXGroup section */

/* Begin PBXNativeTarget section */
		5B24C2401EA9BC4D00512847 /* pokedex3 */ = {
			isa = PBXNativeTarget;
			buildConfigurationList = 5B24C2531EA9BC4D00512847 /* Build configuration list for PBXNativeTarget "pokedex3" */;
			buildPhases = (
				5B24C23D1EA9BC4D00512847 /* Sources */,
				5B24C23E1EA9BC4D00512847 /* Frameworks */,
				5B24C23F1EA9BC4D00512847 /* Resources */,
			);
			buildRules = (
			);
			dependencies = (
			);
			name = pokedex3;
			productName = pokedex3;
			productReference = 5B24C2411EA9BC4D00512847 /* pokedex3.app */;
			productType = "com.apple.product-type.application";
		};
/* End PBXNativeTarget section */

/* Begin PBXProject section */
		5B24C2391EA9BC4D00512847 /* Project object */ = {
			isa = PBXProject;
			attributes = {
				LastSwiftUpdateCheck = 0830;
				LastUpgradeCheck = 0830;
				ORGANIZATIONNAME = "Martin Nohns";
				TargetAttributes = {
					5B24C2401EA9BC4D00512847 = {
						CreatedOnToolsVersion = 8.3.1;
						ProvisioningStyle = Automatic;
					};
				};
			};
			buildConfigurationList = 5B24C23C1EA9BC4D00512847 /* Build configuration list for PBXProject "pokedex3" */;
			compatibilityVersion = "Xcode 3.2";
			developmentRegion = English;
			hasScannedForEncodings = 0;
			knownRegions = (
				en,
				Base,
			);
			mainGroup = 5B24C2381EA9BC4D00512847;
			productRefGroup = 5B24C2421EA9BC4D00512847 /* Products */;
			projectDirPath = "";
			projectRoot = "";
			targets = (
				5B24C2401EA9BC4D00512847 /* pokedex3 */,
			);
		};
/* End PBXProject section */

/* Begin PBXResourcesBuildPhase section */
		5B24C23F1EA9BC4D00512847 /* Resources */ = {
			isa = PBXResourcesBuildPhase;
			buildActionMask = 2147483647;
			files = (
				5B12DE9F1EACA8DA00761FED /* pokemon.ttf in Resources */,
				5B24C24F1EA9BC4D00512847 /* LaunchScreen.storyboard in Resources */,
				5B12DEA41EACAAA500761FED /* music.mp3 in Resources */,
				5B24C24C1EA9BC4D00512847 /* Assets.xcassets in Resources */,
				5BD6ADBB1EA9BE61007E0681 /* pokemon.csv in Resources */,
				5B24C24A1EA9BC4D00512847 /* Main.storyboard in Resources */,
			);
			runOnlyForDeploymentPostprocessing = 0;
		};
/* End PBXResourcesBuildPhase section */

/* Begin PBXSourcesBuildPhase section */
		5B24C23D1EA9BC4D00512847 /* Sources */ = {
			isa = PBXSourcesBuildPhase;
			buildActionMask = 2147483647;
			files = (
				5BD6ADC11EABC836007E0681 /* PokeCell.swift in Sources */,
				5B24C2471EA9BC4D00512847 /* ViewController.swift in Sources */,
				5B24C2451EA9BC4D00512847 /* AppDelegate.swift in Sources */,
				5BD6ADBE1EA9BFAD007E0681 /* Pokemon.swift in Sources */,
				5B12DE9D1EACA8BF00761FED /* csv.swift in Sources */,
			);
			runOnlyForDeploymentPostprocessing = 0;
		};
/* End PBXSourcesBuildPhase section */

/* Begin PBXVariantGroup section */
		5B24C2481EA9BC4D00512847 /* Main.storyboard */ = {
			isa = PBXVariantGroup;
			children = (
				5B24C2491EA9BC4D00512847 /* Base */,
			);
			name = Main.storyboard;
			sourceTree = "<group>";
		};
		5B24C24D1EA9BC4D00512847 /* LaunchScreen.storyboard */ = {
			isa = PBXVariantGroup;
			children = (
				5B24C24E1EA9BC4D00512847 /* Base */,
			);
			name = LaunchScreen.storyboard;
			sourceTree = "<group>";
		};
/* End PBXVariantGroup section */

/* Begin XCBuildConfiguration section */
		5B24C2511EA9BC4D00512847 /* Debug */ = {
			isa = XCBuildConfiguration;
			buildSettings = {
				ALWAYS_SEARCH_USER_PATHS = NO;
				CLANG_ANALYZER_NONNULL = YES;
				CLANG_ANALYZER_NUMBER_OBJECT_CONVERSION = YES_AGGRESSIVE;
				CLANG_CXX_LANGUAGE_STANDARD = "gnu++0x";
				CLANG_CXX_LIBRARY = "libc++";
				CLANG_ENABLE_MODULES = YES;
				CLANG_ENABLE_OBJC_ARC = YES;
				CLANG_WARN_BOOL_CONVERSION = YES;
				CLANG_WARN_CONSTANT_CONVERSION = YES;
				CLANG_WARN_DIRECT_OBJC_ISA_USAGE = YES_ERROR;
				CLANG_WARN_DOCUMENTATION_COMMENTS = YES;
				CLANG_WARN_EMPTY_BODY = YES;
				CLANG_WARN_ENUM_CONVERSION = YES;
				CLANG_WARN_INFINITE_RECURSION = YES;
				CLANG_WARN_INT_CONVERSION = YES;
				CLANG_WARN_OBJC_ROOT_CLASS = YES_ERROR;
				CLANG_WARN_SUSPICIOUS_MOVE = YES;
				CLANG_WARN_UNREACHABLE_CODE = YES;
				CLANG_WARN__DUPLICATE_METHOD_MATCH = YES;
				"CODE_SIGN_IDENTITY[sdk=iphoneos*]" = "iPhone Developer";
				COPY_PHASE_STRIP = NO;
				DEBUG_INFORMATION_FORMAT = dwarf;
				ENABLE_STRICT_OBJC_MSGSEND = YES;
				ENABLE_TESTABILITY = YES;
				GCC_C_LANGUAGE_STANDARD = gnu99;
				GCC_DYNAMIC_NO_PIC = NO;
				GCC_NO_COMMON_BLOCKS = YES;
				GCC_OPTIMIZATION_LEVEL = 0;
				GCC_PREPROCESSOR_DEFINITIONS = (
					"DEBUG=1",
					"$(inherited)",
				);
				GCC_WARN_64_TO_32_BIT_CONVERSION = YES;
				GCC_WARN_ABOUT_RETURN_TYPE = YES_ERROR;
				GCC_WARN_UNDECLARED_SELECTOR = YES;
				GCC_WARN_UNINITIALIZED_AUTOS = YES_AGGRESSIVE;
				GCC_WARN_UNUSED_FUNCTION = YES;
				GCC_WARN_UNUSED_VARIABLE = YES;
				IPHONEOS_DEPLOYMENT_TARGET = 10.3;
				MTL_ENABLE_DEBUG_INFO = YES;
				ONLY_ACTIVE_ARCH = YES;
				SDKROOT = iphoneos;
				SWIFT_ACTIVE_COMPILATION_CONDITIONS = DEBUG;
				SWIFT_OPTIMIZATION_LEVEL = "-Onone";
			};
			name = Debug;
		};
		5B24C2521EA9BC4D00512847 /* Release */ = {
			isa = XCBuildConfiguration;
			buildSettings = {
				ALWAYS_SEARCH_USER_PATHS = NO;
				CLANG_ANALYZER_NONNULL = YES;
				CLANG_ANALYZER_NUMBER_OBJECT_CONVERSION = YES_AGGRESSIVE;
				CLANG_CXX_LANGUAGE_STANDARD = "gnu++0x";
				CLANG_CXX_LIBRARY = "libc++";
				CLANG_ENABLE_MODULES = YES;
				CLANG_ENABLE_OBJC_ARC = YES;
				CLANG_WARN_BOOL_CONVERSION = YES;
				CLANG_WARN_CONSTANT_CONVERSION = YES;
				CLANG_WARN_DIRECT_OBJC_ISA_USAGE = YES_ERROR;
				CLANG_WARN_DOCUMENTATION_COMMENTS = YES;
				CLANG_WARN_EMPTY_BODY = YES;
				CLANG_WARN_ENUM_CONVERSION = YES;
				CLANG_WARN_INFINITE_RECURSION = YES;
				CLANG_WARN_INT_CONVERSION = YES;
				CLANG_WARN_OBJC_ROOT_CLASS = YES_ERROR;
				CLANG_WARN_SUSPICIOUS_MOVE = YES;
				CLANG_WARN_UNREACHABLE_CODE = YES;
				CLANG_WARN__DUPLICATE_METHOD_MATCH = YES;
				"CODE_SIGN_IDENTITY[sdk=iphoneos*]" = "iPhone Developer";
				COPY_PHASE_STRIP = NO;
				DEBUG_INFORMATION_FORMAT = "dwarf-with-dsym";
				ENABLE_NS_ASSERTIONS = NO;
				ENABLE_STRICT_OBJC_MSGSEND = YES;
				GCC_C_LANGUAGE_STANDARD = gnu99;
				GCC_NO_COMMON_BLOCKS = YES;
				GCC_WARN_64_TO_32_BIT_CONVERSION = YES;
				GCC_WARN_ABOUT_RETURN_TYPE = YES_ERROR;
				GCC_WARN_UNDECLARED_SELECTOR = YES;
				GCC_WARN_UNINITIALIZED_AUTOS = YES_AGGRESSIVE;
				GCC_WARN_UNUSED_FUNCTION = YES;
				GCC_WARN_UNUSED_VARIABLE = YES;
				IPHONEOS_DEPLOYMENT_TARGET = 10.3;
				MTL_ENABLE_DEBUG_INFO = NO;
				SDKROOT = iphoneos;
				SWIFT_OPTIMIZATION_LEVEL = "-Owholemodule";
				VALIDATE_PRODUCT = YES;
			};
			name = Release;
		};
		5B24C2541EA9BC4D00512847 /* Debug */ = {
			isa = XCBuildConfiguration;
			buildSettings = {
				ASSETCATALOG_COMPILER_APPICON_NAME = AppIcon;
				INFOPLIST_FILE = pokedex3/Info.plist;
				LD_RUNPATH_SEARCH_PATHS = "$(inherited) @executable_path/Frameworks";
				PRODUCT_BUNDLE_IDENTIFIER = dk.mavno.demo.pokedex3;
				PRODUCT_NAME = "$(TARGET_NAME)";
				SWIFT_VERSION = 3.0;
			};
			name = Debug;
		};
		5B24C2551EA9BC4D00512847 /* Release */ = {
			isa = XCBuildConfiguration;
			buildSettings = {
				ASSETCATALOG_COMPILER_APPICON_NAME = AppIcon;
				INFOPLIST_FILE = pokedex3/Info.plist;
				LD_RUNPATH_SEARCH_PATHS = "$(inherited) @executable_path/Frameworks";
				PRODUCT_BUNDLE_IDENTIFIER = dk.mavno.demo.pokedex3;
				PRODUCT_NAME = "$(TARGET_NAME)";
				SWIFT_VERSION = 3.0;
			};
			name = Release;
		};
/* End XCBuildConfiguration section */

/* Begin XCConfigurationList section */
		5B24C23C1EA9BC4D00512847 /* Build configuration list for PBXProject "pokedex3" */ = {
			isa = XCConfigurationList;
			buildConfigurations = (
				5B24C2511EA9BC4D00512847 /* Debug */,
				5B24C2521EA9BC4D00512847 /* Release */,
			);
			defaultConfigurationIsVisible = 0;
			defaultConfigurationName = Release;
		};
		5B24C2531EA9BC4D00512847 /* Build configuration list for PBXNativeTarget "pokedex3" */ = {
			isa = XCConfigurationList;
			buildConfigurations = (
				5B24C2541EA9BC4D00512847 /* Debug */,
				5B24C2551EA9BC4D00512847 /* Release */,
			);
			defaultConfigurationIsVisible = 0;
			defaultConfigurationName = Release;
		};
/* End XCConfigurationList section */
	};
	rootObject = 5B24C2391EA9BC4D00512847 /* Project object */;
}
